
Microsoft Visual Studio Solution File, Format Version 12.00
# Visual Studio Version 16
VisualStudioVersion = 16.0.33927.289
MinimumVisualStudioVersion = 10.0.40219.1
Project("{8BC9CEB8-8B4A-11D0-8D11-00A0C91BC942}") = "1", "1\1.vcxproj", "{8D7F5613-AC8D-40B6-942B-9CBBC7D0B44F}"
EndProject
Project("{8BC9CEB8-8B4A-11D0-8D11-00A0C91BC942}") = "2", "2\2.vcxproj", "{50216897-D387-4283-ABC7-AEC481A4C10F}"
EndProject
Project("{8BC9CEB8-8B4A-11D0-8D11-00A0C91BC942}") = "3", "3\3.vcxproj", "{0B94E9D4-98F8-4DC9-A2A3-8AD8E9375912}"
EndProject
Global
	GlobalSection(SolutionConfigurationPlatforms) = preSolution
		Debug|x64 = Debug|x64
		Debug|x86 = Debug|x86
		Release|x64 = Release|x64
		Release|x86 = Release|x86
	EndGlobalSection
	GlobalSection(ProjectConfigurationPlatforms) = postSolution
		{8D7F5613-AC8D-40B6-942B-9CBBC7D0B44F}.Debug|x64.ActiveCfg = Debug|x64
		{8D7F5613-AC8D-40B6-942B-9CBBC7D0B44F}.Debug|x64.Build.0 = Debug|x64
		{8D7F5613-AC8D-40B6-942B-9CBBC7D0B44F}.Debug|x86.ActiveCfg = Debug|Win32
		{8D7F5613-AC8D-40B6-942B-9CBBC7D0B44F}.Debug|x86.Build.0 = Debug|Win32
		{8D7F5613-AC8D-40B6-942B-9CBBC7D0B44F}.Release|x64.ActiveCfg = Release|x64
		{8D7F5613-AC8D-40B6-942B-9CBBC7D0B44F}.Release|x64.Build.0 = Release|x64
		{8D7F5613-AC8D-40B6-942B-9CBBC7D0B44F}.Release|x86.ActiveCfg = Release|Win32
		{8D7F5613-AC8D-40B6-942B-9CBBC7D0B44F}.Release|x86.Build.0 = Release|Win32
		{50216897-D387-4283-ABC7-AEC481A4C10F}.Debug|x64.ActiveCfg = Debug|x64
		{50216897-D387-4283-ABC7-AEC481A4C10F}.Debug|x64.Build.0 = Debug|x64
		{50216897-D387-4283-ABC7-AEC481A4C10F}.Debug|x86.ActiveCfg = Debug|Win32
		{50216897-D387-4283-ABC7-AEC481A4C10F}.Debug|x86.Build.0 = Debug|Win32
		{50216897-D387-4283-ABC7-AEC481A4C10F}.Release|x64.ActiveCfg = Release|x64
		{50216897-D387-4283-ABC7-AEC481A4C10F}.Release|x64.Build.0 = Release|x64
		{50216897-D387-4283-ABC7-AEC481A4C10F}.Release|x86.ActiveCfg = Release|Win32
		{50216897-D387-4283-ABC7-AEC481A4C10F}.Release|x86.Build.0 = Release|Win32
		{0B94E9D4-98F8-4DC9-A2A3-8AD8E9375912}.Debug|x64.ActiveCfg = Debug|x64
		{0B94E9D4-98F8-4DC9-A2A3-8AD8E9375912}.Debug|x64.Build.0 = Debug|x64
		{0B94E9D4-98F8-4DC9-A2A3-8AD8E9375912}.Debug|x86.ActiveCfg = Debug|Win32
		{0B94E9D4-98F8-4DC9-A2A3-8AD8E9375912}.Debug|x86.Build.0 = Debug|Win32
		{0B94E9D4-98F8-4DC9-A2A3-8AD8E9375912}.Release|x64.ActiveCfg = Release|x64
		{0B94E9D4-98F8-4DC9-A2A3-8AD8E9375912}.Release|x64.Build.0 = Release|x64
		{0B94E9D4-98F8-4DC9-A2A3-8AD8E9375912}.Release|x86.ActiveCfg = Release|Win32
		{0B94E9D4-98F8-4DC9-A2A3-8AD8E9375912}.Release|x86.Build.0 = Release|Win32
	EndGlobalSection
	GlobalSection(SolutionProperties) = preSolution
		HideSolutionNode = FALSE
	EndGlobalSection
	GlobalSection(ExtensibilityGlobals) = postSolution
		SolutionGuid = {709F399A-88CC-46AC-AF99-485068DC4B1D}
	EndGlobalSection
EndGlobal
