
Microsoft Visual Studio Solution File, Format Version 12.00
# Visual Studio Version 16
VisualStudioVersion = 16.0.33927.289
MinimumVisualStudioVersion = 10.0.40219.1
Project("{8BC9CEB8-8B4A-11D0-8D11-00A0C91BC942}") = "1", "1\1.vcxproj", "{CCEE6729-D95D-4F6C-8681-684BD3E3865D}"
EndProject
Project("{8BC9CEB8-8B4A-11D0-8D11-00A0C91BC942}") = "2", "2\2.vcxproj", "{D05D5D59-C0F8-4B8F-8731-47B1F8FA371B}"
EndProject
Project("{8BC9CEB8-8B4A-11D0-8D11-00A0C91BC942}") = "3", "3\3.vcxproj", "{60EB3AEF-6E39-4A02-AC6E-147A2333348F}"
EndProject
Global
	GlobalSection(SolutionConfigurationPlatforms) = preSolution
		Debug|x64 = Debug|x64
		Debug|x86 = Debug|x86
		Release|x64 = Release|x64
		Release|x86 = Release|x86
	EndGlobalSection
	GlobalSection(ProjectConfigurationPlatforms) = postSolution
		{CCEE6729-D95D-4F6C-8681-684BD3E3865D}.Debug|x64.ActiveCfg = Debug|x64
		{CCEE6729-D95D-4F6C-8681-684BD3E3865D}.Debug|x64.Build.0 = Debug|x64
		{CCEE6729-D95D-4F6C-8681-684BD3E3865D}.Debug|x86.ActiveCfg = Debug|Win32
		{CCEE6729-D95D-4F6C-8681-684BD3E3865D}.Debug|x86.Build.0 = Debug|Win32
		{CCEE6729-D95D-4F6C-8681-684BD3E3865D}.Release|x64.ActiveCfg = Release|x64
		{CCEE6729-D95D-4F6C-8681-684BD3E3865D}.Release|x64.Build.0 = Release|x64
		{CCEE6729-D95D-4F6C-8681-684BD3E3865D}.Release|x86.ActiveCfg = Release|Win32
		{CCEE6729-D95D-4F6C-8681-684BD3E3865D}.Release|x86.Build.0 = Release|Win32
		{D05D5D59-C0F8-4B8F-8731-47B1F8FA371B}.Debug|x64.ActiveCfg = Debug|x64
		{D05D5D59-C0F8-4B8F-8731-47B1F8FA371B}.Debug|x64.Build.0 = Debug|x64
		{D05D5D59-C0F8-4B8F-8731-47B1F8FA371B}.Debug|x86.ActiveCfg = Debug|Win32
		{D05D5D59-C0F8-4B8F-8731-47B1F8FA371B}.Debug|x86.Build.0 = Debug|Win32
		{D05D5D59-C0F8-4B8F-8731-47B1F8FA371B}.Release|x64.ActiveCfg = Release|x64
		{D05D5D59-C0F8-4B8F-8731-47B1F8FA371B}.Release|x64.Build.0 = Release|x64
		{D05D5D59-C0F8-4B8F-8731-47B1F8FA371B}.Release|x86.ActiveCfg = Release|Win32
		{D05D5D59-C0F8-4B8F-8731-47B1F8FA371B}.Release|x86.Build.0 = Release|Win32
		{60EB3AEF-6E39-4A02-AC6E-147A2333348F}.Debug|x64.ActiveCfg = Debug|x64
		{60EB3AEF-6E39-4A02-AC6E-147A2333348F}.Debug|x64.Build.0 = Debug|x64
		{60EB3AEF-6E39-4A02-AC6E-147A2333348F}.Debug|x86.ActiveCfg = Debug|Win32
		{60EB3AEF-6E39-4A02-AC6E-147A2333348F}.Debug|x86.Build.0 = Debug|Win32
		{60EB3AEF-6E39-4A02-AC6E-147A2333348F}.Release|x64.ActiveCfg = Release|x64
		{60EB3AEF-6E39-4A02-AC6E-147A2333348F}.Release|x64.Build.0 = Release|x64
		{60EB3AEF-6E39-4A02-AC6E-147A2333348F}.Release|x86.ActiveCfg = Release|Win32
		{60EB3AEF-6E39-4A02-AC6E-147A2333348F}.Release|x86.Build.0 = Release|Win32
	EndGlobalSection
	GlobalSection(SolutionProperties) = preSolution
		HideSolutionNode = FALSE
	EndGlobalSection
	GlobalSection(ExtensibilityGlobals) = postSolution
		SolutionGuid = {91D35CCC-8B6C-4012-BAB9-13BD3E50ED29}
	EndGlobalSection
EndGlobal
